# This file is autogenerated, do not edit; changes may be undone by the next 'dep ensure'.


[[projects]]
  name = "github.com/timtadh/combos"
  packages = ["."]
  revision = "8f75337223504d0fceeb701c3c4a261a13141b61"
  version = "v0.1.0"

[[projects]]
  name = "github.com/timtadh/data-structures"
  packages = ["errors","test"]
  revision = "cd917ad609bdb63c00235a988ef8031d64d8c9b4"
  version = "v0.5.0"

[[projects]]
  name = "github.com/timtadh/lexmachine"
  packages = [".","frontend","inst","machines","queue"]
  revision = "2b4da623415beffcab7a8f85066e3ed8a4996c16"
  version = "v0.1.0"

[solve-meta]
  analyzer-name = "dep"
  analyzer-version = 1
  inputs-digest = "167bfabf82ae8887fb915e4ae8c32691d94803ff2396c033b9cb59ffbb28b812"
  solver-name = "gps-cdcl"
  solver-version = 1
